
Microsoft Visual Studio Solution File, Format Version 12.00
# Visual Studio Version 17
VisualStudioVersion = 17.3.32519.111
MinimumVisualStudioVersion = 10.0.40219.1
Project("{FAE04EC0-301F-11D3-BF4B-00C04F79EFBC}") = "ZhEaIsNsAaBn.Xamarin", "Src\ZhEaIsNsAaBn.Xamarin\ZhEaIsNsAaBn.Xamarin.csproj", "{DED68A25-42D4-4A64-BBD5-A043B54274AF}"
EndProject
Global
	GlobalSection(SolutionConfigurationPlatforms) = preSolution
		Debug|Any CPU = Debug|Any CPU
		Release|Any CPU = Release|Any CPU
	EndGlobalSection
	GlobalSection(ProjectConfigurationPlatforms) = postSolution
		{DED68A25-42D4-4A64-BBD5-A043B54274AF}.Debug|Any CPU.ActiveCfg = Debug|Any CPU
		{DED68A25-42D4-4A64-BBD5-A043B54274AF}.Debug|Any CPU.Build.0 = Debug|Any CPU
		{DED68A25-42D4-4A64-BBD5-A043B54274AF}.Release|Any CPU.ActiveCfg = Release|Any CPU
		{DED68A25-42D4-4A64-BBD5-A043B54274AF}.Release|Any CPU.Build.0 = Release|Any CPU
	EndGlobalSection
	GlobalSection(SolutionProperties) = preSolution
		HideSolutionNode = FALSE
	EndGlobalSection
	GlobalSection(ExtensibilityGlobals) = postSolution
		SolutionGuid = {4B2D0583-5788-4B51-B6A2-7284B39DD823}
	EndGlobalSection
EndGlobal
